
Microsoft Visual Studio Solution File, Format Version 12.00
# Visual Studio 15
Project("{FAE04EC0-301F-11D3-BF4B-00C04F79EFBC}") = "Assembly-CSharp-firstpass", "Assembly-CSharp-firstpass.csproj", "{2BE9C633-C1B4-DAEA-4A86-92C36BBF9F01}"
EndProject
Project("{FAE04EC0-301F-11D3-BF4B-00C04F79EFBC}") = "Assembly-CSharp", "Assembly-CSharp.csproj", "{C346D771-0313-373C-3C91-6CB3B7375F10}"
EndProject
Project("{FAE04EC0-301F-11D3-BF4B-00C04F79EFBC}") = "Assembly-CSharp-Editor-firstpass", "Assembly-CSharp-Editor-firstpass.csproj", "{91156896-F6FA-9389-33C0-BEBF49686AD0}"
EndProject
Global
	GlobalSection(SolutionConfigurationPlatforms) = preSolution
		Debug|Any CPU = Debug|Any CPU
		Release|Any CPU = Release|Any CPU
	EndGlobalSection
	GlobalSection(ProjectConfigurationPlatforms) = postSolution
		{2BE9C633-C1B4-DAEA-4A86-92C36BBF9F01}.Debug|Any CPU.ActiveCfg = Debug|Any CPU
		{2BE9C633-C1B4-DAEA-4A86-92C36BBF9F01}.Debug|Any CPU.Build.0 = Debug|Any CPU
		{2BE9C633-C1B4-DAEA-4A86-92C36BBF9F01}.Release|Any CPU.ActiveCfg = Release|Any CPU
		{2BE9C633-C1B4-DAEA-4A86-92C36BBF9F01}.Release|Any CPU.Build.0 = Release|Any CPU
		{C346D771-0313-373C-3C91-6CB3B7375F10}.Debug|Any CPU.ActiveCfg = Debug|Any CPU
		{C346D771-0313-373C-3C91-6CB3B7375F10}.Debug|Any CPU.Build.0 = Debug|Any CPU
		{C346D771-0313-373C-3C91-6CB3B7375F10}.Release|Any CPU.ActiveCfg = Release|Any CPU
		{C346D771-0313-373C-3C91-6CB3B7375F10}.Release|Any CPU.Build.0 = Release|Any CPU
		{91156896-F6FA-9389-33C0-BEBF49686AD0}.Debug|Any CPU.ActiveCfg = Debug|Any CPU
		{91156896-F6FA-9389-33C0-BEBF49686AD0}.Debug|Any CPU.Build.0 = Debug|Any CPU
		{91156896-F6FA-9389-33C0-BEBF49686AD0}.Release|Any CPU.ActiveCfg = Release|Any CPU
		{91156896-F6FA-9389-33C0-BEBF49686AD0}.Release|Any CPU.Build.0 = Release|Any CPU
	EndGlobalSection
	GlobalSection(SolutionProperties) = preSolution
		HideSolutionNode = FALSE
	EndGlobalSection
EndGlobal
